# This file is automatically @generated by Cargo.
# It is not intended for manual editing.
version = 4

[[package]]
name = "aic-cli"
version = "0.1.0"
dependencies = [
 "aic-dex",
 "aic-ir",
]

[[package]]
name = "aic-dex"
version = "0.1.0"
dependencies = [
 "aic-ir",
]

[[package]]
name = "aic-ir"
version = "0.1.0"
